
Microsoft Visual Studio Solution File, Format Version 12.00
# Visual Studio 14
VisualStudioVersion = 14.0.25420.1
MinimumVisualStudioVersion = 10.0.40219.1
Project("{FAE04EC0-301F-11D3-BF4B-00C04F79EFBC}") = "GiecomV2", "GiecomV2\GiecomV2.csproj", "{BAF36A99-A393-4EED-B73E-07B0FB855B70}"
EndProject
Project("{FAE04EC0-301F-11D3-BF4B-00C04F79EFBC}") = "Conexion", "Conexion\Conexion.csproj", "{7C524C78-E7ED-476F-8825-19ADB719273E}"
EndProject
Project("{FAE04EC0-301F-11D3-BF4B-00C04F79EFBC}") = "Entidades", "Entidades\Entidades.csproj", "{2BF15791-EC53-4CA2-A359-081309DA6DE6}"
EndProject
Project("{FAE04EC0-301F-11D3-BF4B-00C04F79EFBC}") = "LogicaN", "LogicaN\LogicaN.csproj", "{8B9C49AB-B875-4B81-9DB9-35A0960BF8D2}"
EndProject
Global
	GlobalSection(SolutionConfigurationPlatforms) = preSolution
		Debug|Any CPU = Debug|Any CPU
		Release|Any CPU = Release|Any CPU
	EndGlobalSection
	GlobalSection(ProjectConfigurationPlatforms) = postSolution
		{BAF36A99-A393-4EED-B73E-07B0FB855B70}.Debug|Any CPU.ActiveCfg = Debug|Any CPU
		{BAF36A99-A393-4EED-B73E-07B0FB855B70}.Debug|Any CPU.Build.0 = Debug|Any CPU
		{BAF36A99-A393-4EED-B73E-07B0FB855B70}.Release|Any CPU.ActiveCfg = Release|Any CPU
		{BAF36A99-A393-4EED-B73E-07B0FB855B70}.Release|Any CPU.Build.0 = Release|Any CPU
		{7C524C78-E7ED-476F-8825-19ADB719273E}.Debug|Any CPU.ActiveCfg = Debug|Any CPU
		{7C524C78-E7ED-476F-8825-19ADB719273E}.Debug|Any CPU.Build.0 = Debug|Any CPU
		{7C524C78-E7ED-476F-8825-19ADB719273E}.Release|Any CPU.ActiveCfg = Release|Any CPU
		{7C524C78-E7ED-476F-8825-19ADB719273E}.Release|Any CPU.Build.0 = Release|Any CPU
		{2BF15791-EC53-4CA2-A359-081309DA6DE6}.Debug|Any CPU.ActiveCfg = Debug|Any CPU
		{2BF15791-EC53-4CA2-A359-081309DA6DE6}.Debug|Any CPU.Build.0 = Debug|Any CPU
		{2BF15791-EC53-4CA2-A359-081309DA6DE6}.Release|Any CPU.ActiveCfg = Release|Any CPU
		{2BF15791-EC53-4CA2-A359-081309DA6DE6}.Release|Any CPU.Build.0 = Release|Any CPU
		{8B9C49AB-B875-4B81-9DB9-35A0960BF8D2}.Debug|Any CPU.ActiveCfg = Debug|Any CPU
		{8B9C49AB-B875-4B81-9DB9-35A0960BF8D2}.Debug|Any CPU.Build.0 = Debug|Any CPU
		{8B9C49AB-B875-4B81-9DB9-35A0960BF8D2}.Release|Any CPU.ActiveCfg = Release|Any CPU
		{8B9C49AB-B875-4B81-9DB9-35A0960BF8D2}.Release|Any CPU.Build.0 = Release|Any CPU
	EndGlobalSection
	GlobalSection(SolutionProperties) = preSolution
		HideSolutionNode = FALSE
	EndGlobalSection
EndGlobal
